
Microsoft Visual Studio Solution File, Format Version 12.00
# Visual Studio Version 17
VisualStudioVersion = 17.3.32825.248
MinimumVisualStudioVersion = 10.0.40219.1
Project("{FAE04EC0-301F-11D3-BF4B-00C04F79EFBC}") = "HelloWorld", "ConsoleApp1\HelloWorld.csproj", "{4DF5162C-CC64-4015-9878-CDDF6E677BDA}"
EndProject
Global
	GlobalSection(SolutionConfigurationPlatforms) = preSolution
		Debug|Any CPU = Debug|Any CPU
		Release|Any CPU = Release|Any CPU
	EndGlobalSection
	GlobalSection(ProjectConfigurationPlatforms) = postSolution
		{4DF5162C-CC64-4015-9878-CDDF6E677BDA}.Debug|Any CPU.ActiveCfg = Debug|Any CPU
		{4DF5162C-CC64-4015-9878-CDDF6E677BDA}.Debug|Any CPU.Build.0 = Debug|Any CPU
		{4DF5162C-CC64-4015-9878-CDDF6E677BDA}.Release|Any CPU.ActiveCfg = Release|Any CPU
		{4DF5162C-CC64-4015-9878-CDDF6E677BDA}.Release|Any CPU.Build.0 = Release|Any CPU
	EndGlobalSection
	GlobalSection(SolutionProperties) = preSolution
		HideSolutionNode = FALSE
	EndGlobalSection
	GlobalSection(ExtensibilityGlobals) = postSolution
		SolutionGuid = {38EE4113-EEE4-43E6-B2C2-9143CFB95CFC}
	EndGlobalSection
EndGlobal
