
Microsoft Visual Studio Solution File, Format Version 12.00
# Visual Studio Version 17
VisualStudioVersion = 17.5.33516.290
MinimumVisualStudioVersion = 10.0.40219.1
Project("{FAE04EC0-301F-11D3-BF4B-00C04F79EFBC}") = "DS.5", "DS.5\DS.5.csproj", "{4F52D24B-B87E-4F00-82D4-CDE54FB1E9BF}"
EndProject
Global
	GlobalSection(SolutionConfigurationPlatforms) = preSolution
		Debug|Any CPU = Debug|Any CPU
		Release|Any CPU = Release|Any CPU
	EndGlobalSection
	GlobalSection(ProjectConfigurationPlatforms) = postSolution
		{4F52D24B-B87E-4F00-82D4-CDE54FB1E9BF}.Debug|Any CPU.ActiveCfg = Debug|Any CPU
		{4F52D24B-B87E-4F00-82D4-CDE54FB1E9BF}.Debug|Any CPU.Build.0 = Debug|Any CPU
		{4F52D24B-B87E-4F00-82D4-CDE54FB1E9BF}.Release|Any CPU.ActiveCfg = Release|Any CPU
		{4F52D24B-B87E-4F00-82D4-CDE54FB1E9BF}.Release|Any CPU.Build.0 = Release|Any CPU
	EndGlobalSection
	GlobalSection(SolutionProperties) = preSolution
		HideSolutionNode = FALSE
	EndGlobalSection
	GlobalSection(ExtensibilityGlobals) = postSolution
		SolutionGuid = {B6640093-E9D7-490B-9589-1D777FED5CBB}
	EndGlobalSection
EndGlobal
