
Microsoft Visual Studio Solution File, Format Version 12.00
# Visual Studio Version 17
VisualStudioVersion = 17.3.32901.215
MinimumVisualStudioVersion = 10.0.40219.1
Project("{FAE04EC0-301F-11D3-BF4B-00C04F79EFBC}") = "Lesson3.Cond1", "Lesson3.Cond1\Lesson3.Cond1.csproj", "{AE5484A6-E216-47C1-822B-6B8D61D940BF}"
EndProject
Global
	GlobalSection(SolutionConfigurationPlatforms) = preSolution
		Debug|Any CPU = Debug|Any CPU
		Release|Any CPU = Release|Any CPU
	EndGlobalSection
	GlobalSection(ProjectConfigurationPlatforms) = postSolution
		{AE5484A6-E216-47C1-822B-6B8D61D940BF}.Debug|Any CPU.ActiveCfg = Debug|Any CPU
		{AE5484A6-E216-47C1-822B-6B8D61D940BF}.Debug|Any CPU.Build.0 = Debug|Any CPU
		{AE5484A6-E216-47C1-822B-6B8D61D940BF}.Release|Any CPU.ActiveCfg = Release|Any CPU
		{AE5484A6-E216-47C1-822B-6B8D61D940BF}.Release|Any CPU.Build.0 = Release|Any CPU
	EndGlobalSection
	GlobalSection(SolutionProperties) = preSolution
		HideSolutionNode = FALSE
	EndGlobalSection
	GlobalSection(ExtensibilityGlobals) = postSolution
		SolutionGuid = {FE6CDE0F-87C4-482E-97EA-DBBAB7373308}
	EndGlobalSection
EndGlobal
