
Microsoft Visual Studio Solution File, Format Version 12.00
# Visual Studio Version 17
VisualStudioVersion = 17.5.33516.290
MinimumVisualStudioVersion = 10.0.40219.1
Project("{FAE04EC0-301F-11D3-BF4B-00C04F79EFBC}") = "Lesson11.Dp5", "Lesson11.Dp5\Lesson11.Dp5.csproj", "{F91B3478-35E4-4245-AB55-028779568639}"
EndProject
Global
	GlobalSection(SolutionConfigurationPlatforms) = preSolution
		Debug|Any CPU = Debug|Any CPU
		Release|Any CPU = Release|Any CPU
	EndGlobalSection
	GlobalSection(ProjectConfigurationPlatforms) = postSolution
		{F91B3478-35E4-4245-AB55-028779568639}.Debug|Any CPU.ActiveCfg = Debug|Any CPU
		{F91B3478-35E4-4245-AB55-028779568639}.Debug|Any CPU.Build.0 = Debug|Any CPU
		{F91B3478-35E4-4245-AB55-028779568639}.Release|Any CPU.ActiveCfg = Release|Any CPU
		{F91B3478-35E4-4245-AB55-028779568639}.Release|Any CPU.Build.0 = Release|Any CPU
	EndGlobalSection
	GlobalSection(SolutionProperties) = preSolution
		HideSolutionNode = FALSE
	EndGlobalSection
	GlobalSection(ExtensibilityGlobals) = postSolution
		SolutionGuid = {11B652EF-BADD-4E0C-B3A4-459AEAA19F02}
	EndGlobalSection
EndGlobal
